
Microsoft Visual Studio Solution File, Format Version 12.00
# Visual Studio 15
VisualStudioVersion = 15.0.28307.329
MinimumVisualStudioVersion = 10.0.40219.1
Project("{FAE04EC0-301F-11D3-BF4B-00C04F79EFBC}") = "GNB.Web", "GNB.Web\GNB.Web.csproj", "{BBD8C674-36F2-4609-96DD-19755EF6A046}"
EndProject
Project("{FAE04EC0-301F-11D3-BF4B-00C04F79EFBC}") = "NUnitGNB.Web", "NUnitGNB.Web\NUnitGNB.Web.csproj", "{D0D2827C-F108-4B09-909B-E05756625706}"
EndProject
Project("{FAE04EC0-301F-11D3-BF4B-00C04F79EFBC}") = "GNB.Api", "GNB.Api\GNB.Api.csproj", "{65939BCE-654A-4431-B63A-A2F7BC4D787B}"
EndProject
Global
	GlobalSection(SolutionConfigurationPlatforms) = preSolution
		Debug|Any CPU = Debug|Any CPU
		Release|Any CPU = Release|Any CPU
	EndGlobalSection
	GlobalSection(ProjectConfigurationPlatforms) = postSolution
		{BBD8C674-36F2-4609-96DD-19755EF6A046}.Debug|Any CPU.ActiveCfg = Debug|Any CPU
		{BBD8C674-36F2-4609-96DD-19755EF6A046}.Debug|Any CPU.Build.0 = Debug|Any CPU
		{BBD8C674-36F2-4609-96DD-19755EF6A046}.Release|Any CPU.ActiveCfg = Release|Any CPU
		{BBD8C674-36F2-4609-96DD-19755EF6A046}.Release|Any CPU.Build.0 = Release|Any CPU
		{D0D2827C-F108-4B09-909B-E05756625706}.Debug|Any CPU.ActiveCfg = Debug|Any CPU
		{D0D2827C-F108-4B09-909B-E05756625706}.Debug|Any CPU.Build.0 = Debug|Any CPU
		{D0D2827C-F108-4B09-909B-E05756625706}.Release|Any CPU.ActiveCfg = Release|Any CPU
		{D0D2827C-F108-4B09-909B-E05756625706}.Release|Any CPU.Build.0 = Release|Any CPU
		{65939BCE-654A-4431-B63A-A2F7BC4D787B}.Debug|Any CPU.ActiveCfg = Debug|Any CPU
		{65939BCE-654A-4431-B63A-A2F7BC4D787B}.Debug|Any CPU.Build.0 = Debug|Any CPU
		{65939BCE-654A-4431-B63A-A2F7BC4D787B}.Release|Any CPU.ActiveCfg = Release|Any CPU
		{65939BCE-654A-4431-B63A-A2F7BC4D787B}.Release|Any CPU.Build.0 = Release|Any CPU
	EndGlobalSection
	GlobalSection(SolutionProperties) = preSolution
		HideSolutionNode = FALSE
	EndGlobalSection
	GlobalSection(ExtensibilityGlobals) = postSolution
		SolutionGuid = {2F67D343-54C6-4AA7-AEEA-F1601B896210}
	EndGlobalSection
EndGlobal
